// !$*UTF8*$!
{
	archiveVersion = 1;
	classes = {
	};
	objectVersion = 56;
	objects = {

/* Begin PBXBuildFile section */
		AFD54E772C4DEC9C005D91D7 /* AppDelegate.swift in Sources */ = {isa = PBXBuildFile; fileRef = AFD54E762C4DEC9C005D91D7 /* AppDelegate.swift */; };
		AFD54E792C4DEC9C005D91D7 /* SceneDelegate.swift in Sources */ = {isa = PBXBuildFile; fileRef = AFD54E782C4DEC9C005D91D7 /* SceneDelegate.swift */; };
		AFD54E7B2C4DEC9C005D91D7 /* MainViewController.swift in Sources */ = {isa = PBXBuildFile; fileRef = AFD54E7A2C4DEC9C005D91D7 /* MainViewController.swift */; };
		AFD54E802C4DEC9D005D91D7 /* Assets.xcassets in Resources */ = {isa = PBXBuildFile; fileRef = AFD54E7F2C4DEC9D005D91D7 /* Assets.xcassets */; };
		AFD54E832C4DEC9D005D91D7 /* LaunchScreen.storyboard in Resources */ = {isa = PBXBuildFile; fileRef = AFD54E812C4DEC9D005D91D7 /* LaunchScreen.storyboard */; };
		AFD54EC02C4DF170005D91D7 /* Alamofire in Frameworks */ = {isa = PBXBuildFile; productRef = AFD54EBF2C4DF170005D91D7 /* Alamofire */; };
		AFD54EC32C4DF248005D91D7 /* SnapKit in Frameworks */ = {isa = PBXBuildFile; productRef = AFD54EC22C4DF248005D91D7 /* SnapKit */; };
		AFD54EC82C4DF2B9005D91D7 /* RxBlocking in Frameworks */ = {isa = PBXBuildFile; productRef = AFD54EC72C4DF2B9005D91D7 /* RxBlocking */; };
		AFD54ECC2C4DF2B9005D91D7 /* RxCocoa in Frameworks */ = {isa = PBXBuildFile; productRef = AFD54ECB2C4DF2B9005D91D7 /* RxCocoa */; };
		AFD54ED02C4DF2B9005D91D7 /* RxRelay in Frameworks */ = {isa = PBXBuildFile; productRef = AFD54ECF2C4DF2B9005D91D7 /* RxRelay */; };
		AFD54ED22C4DF5F4005D91D7 /* reduced_citylist.json in Resources */ = {isa = PBXBuildFile; fileRef = AFD54ED12C4DF5F4005D91D7 /* reduced_citylist.json */; };
		AFD54ED72C4DF7CA005D91D7 /* Endpoint.swift in Sources */ = {isa = PBXBuildFile; fileRef = AFD54ED62C4DF7CA005D91D7 /* Endpoint.swift */; };
		AFD54ED92C4DF9F7005D91D7 /* APIClient.swift in Sources */ = {isa = PBXBuildFile; fileRef = AFD54ED82C4DF9F7005D91D7 /* APIClient.swift */; };
		AFD54EDD2C4DFC50005D91D7 /* WeatherRepository.swift in Sources */ = {isa = PBXBuildFile; fileRef = AFD54EDC2C4DFC50005D91D7 /* WeatherRepository.swift */; };
		AFD54EDF2C4E0FBE005D91D7 /* WeatherResponse.swift in Sources */ = {isa = PBXBuildFile; fileRef = AFD54EDE2C4E0FBE005D91D7 /* WeatherResponse.swift */; };
		AFD54EE12C4E1231005D91D7 /* Encodable+.swift in Sources */ = {isa = PBXBuildFile; fileRef = AFD54EE02C4E1231005D91D7 /* Encodable+.swift */; };
		AFD54EE42C4E124B005D91D7 /* WeatherRequest.swift in Sources */ = {isa = PBXBuildFile; fileRef = AFD54EE32C4E124B005D91D7 /* WeatherRequest.swift */; };
		AFD54EE62C4E13BD005D91D7 /* WeatherEndpoint.swift in Sources */ = {isa = PBXBuildFile; fileRef = AFD54EE52C4E13BD005D91D7 /* WeatherEndpoint.swift */; };
		AFD54EE82C4E16D7005D91D7 /* TopView.swift in Sources */ = {isa = PBXBuildFile; fileRef = AFD54EE72C4E16D7005D91D7 /* TopView.swift */; };
		AFD54EEB2C4E1877005D91D7 /* BaseView.swift in Sources */ = {isa = PBXBuildFile; fileRef = AFD54EEA2C4E1877005D91D7 /* BaseView.swift */; };
		AFD54EED2C4E18E1005D91D7 /* BaseViewController.swift in Sources */ = {isa = PBXBuildFile; fileRef = AFD54EEC2C4E18E1005D91D7 /* BaseViewController.swift */; };
		AFD54EEF2C4E1EFC005D91D7 /* ThreeHourForecastView.swift in Sources */ = {isa = PBXBuildFile; fileRef = AFD54EEE2C4E1EFC005D91D7 /* ThreeHourForecastView.swift */; };
		AFD54EF12C4E1F79005D91D7 /* DailyForecastView.swift in Sources */ = {isa = PBXBuildFile; fileRef = AFD54EF02C4E1F79005D91D7 /* DailyForecastView.swift */; };
		AFD54EF32C4E1FAC005D91D7 /* WeatherMapView.swift in Sources */ = {isa = PBXBuildFile; fileRef = AFD54EF22C4E1FAC005D91D7 /* WeatherMapView.swift */; };
		AFD54EF62C4E2118005D91D7 /* ThreeHourForecastCell.swift in Sources */ = {isa = PBXBuildFile; fileRef = AFD54EF52C4E2118005D91D7 /* ThreeHourForecastCell.swift */; };
		AFD54EF82C4E23A6005D91D7 /* ReusableCell.swift in Sources */ = {isa = PBXBuildFile; fileRef = AFD54EF72C4E23A6005D91D7 /* ReusableCell.swift */; };
		AFD54EFA2C4E3B3A005D91D7 /* DailyForecastCell.swift in Sources */ = {isa = PBXBuildFile; fileRef = AFD54EF92C4E3B3A005D91D7 /* DailyForecastCell.swift */; };
		AFD54EFC2C4E4577005D91D7 /* WeatherExtraInfoCell.swift in Sources */ = {isa = PBXBuildFile; fileRef = AFD54EFB2C4E4577005D91D7 /* WeatherExtraInfoCell.swift */; };
		AFD54EFE2C4E4A47005D91D7 /* WeatherExtraInfoView.swift in Sources */ = {isa = PBXBuildFile; fileRef = AFD54EFD2C4E4A47005D91D7 /* WeatherExtraInfoView.swift */; };
/* End PBXBuildFile section */

/* Begin PBXFileReference section */
		AFD54E732C4DEC9C005D91D7 /* WeatherApp.app */ = {isa = PBXFileReference; explicitFileType = wrapper.application; includeInIndex = 0; path = WeatherApp.app; sourceTree = BUILT_PRODUCTS_DIR; };
		AFD54E762C4DEC9C005D91D7 /* AppDelegate.swift */ = {isa = PBXFileReference; lastKnownFileType = sourcecode.swift; path = AppDelegate.swift; sourceTree = "<group>"; };
		AFD54E782C4DEC9C005D91D7 /* SceneDelegate.swift */ = {isa = PBXFileReference; lastKnownFileType = sourcecode.swift; path = SceneDelegate.swift; sourceTree = "<group>"; };
		AFD54E7A2C4DEC9C005D91D7 /* MainViewController.swift */ = {isa = PBXFileReference; lastKnownFileType = sourcecode.swift; path = MainViewController.swift; sourceTree = "<group>"; };
		AFD54E7F2C4DEC9D005D91D7 /* Assets.xcassets */ = {isa = PBXFileReference; lastKnownFileType = folder.assetcatalog; path = Assets.xcassets; sourceTree = "<group>"; };
		AFD54E822C4DEC9D005D91D7 /* Base */ = {isa = PBXFileReference; lastKnownFileType = file.storyboard; name = Base; path = Base.lproj/LaunchScreen.storyboard; sourceTree = "<group>"; };
		AFD54E842C4DEC9D005D91D7 /* Info.plist */ = {isa = PBXFileReference; lastKnownFileType = text.plist.xml; path = Info.plist; sourceTree = "<group>"; };
		AFD54ED12C4DF5F4005D91D7 /* reduced_citylist.json */ = {isa = PBXFileReference; fileEncoding = 4; lastKnownFileType = text.json; path = reduced_citylist.json; sourceTree = "<group>"; };
		AFD54ED62C4DF7CA005D91D7 /* Endpoint.swift */ = {isa = PBXFileReference; lastKnownFileType = sourcecode.swift; path = Endpoint.swift; sourceTree = "<group>"; };
		AFD54ED82C4DF9F7005D91D7 /* APIClient.swift */ = {isa = PBXFileReference; lastKnownFileType = sourcecode.swift; path = APIClient.swift; sourceTree = "<group>"; };
		AFD54EDC2C4DFC50005D91D7 /* WeatherRepository.swift */ = {isa = PBXFileReference; lastKnownFileType = sourcecode.swift; path = WeatherRepository.swift; sourceTree = "<group>"; };
		AFD54EDE2C4E0FBE005D91D7 /* WeatherResponse.swift */ = {isa = PBXFileReference; lastKnownFileType = sourcecode.swift; path = WeatherResponse.swift; sourceTree = "<group>"; };
		AFD54EE02C4E1231005D91D7 /* Encodable+.swift */ = {isa = PBXFileReference; lastKnownFileType = sourcecode.swift; path = "Encodable+.swift"; sourceTree = "<group>"; };
		AFD54EE32C4E124B005D91D7 /* WeatherRequest.swift */ = {isa = PBXFileReference; lastKnownFileType = sourcecode.swift; path = WeatherRequest.swift; sourceTree = "<group>"; };
		AFD54EE52C4E13BD005D91D7 /* WeatherEndpoint.swift */ = {isa = PBXFileReference; lastKnownFileType = sourcecode.swift; path = WeatherEndpoint.swift; sourceTree = "<group>"; };
		AFD54EE72C4E16D7005D91D7 /* TopView.swift */ = {isa = PBXFileReference; lastKnownFileType = sourcecode.swift; path = TopView.swift; sourceTree = "<group>"; };
		AFD54EEA2C4E1877005D91D7 /* BaseView.swift */ = {isa = PBXFileReference; lastKnownFileType = sourcecode.swift; path = BaseView.swift; sourceTree = "<group>"; };
		AFD54EEC2C4E18E1005D91D7 /* BaseViewController.swift */ = {isa = PBXFileReference; lastKnownFileType = sourcecode.swift; path = BaseViewController.swift; sourceTree = "<group>"; };
		AFD54EEE2C4E1EFC005D91D7 /* ThreeHourForecastView.swift */ = {isa = PBXFileReference; lastKnownFileType = sourcecode.swift; path = ThreeHourForecastView.swift; sourceTree = "<group>"; };
		AFD54EF02C4E1F79005D91D7 /* DailyForecastView.swift */ = {isa = PBXFileReference; lastKnownFileType = sourcecode.swift; path = DailyForecastView.swift; sourceTree = "<group>"; };
		AFD54EF22C4E1FAC005D91D7 /* WeatherMapView.swift */ = {isa = PBXFileReference; lastKnownFileType = sourcecode.swift; path = WeatherMapView.swift; sourceTree = "<group>"; };
		AFD54EF52C4E2118005D91D7 /* ThreeHourForecastCell.swift */ = {isa = PBXFileReference; lastKnownFileType = sourcecode.swift; path = ThreeHourForecastCell.swift; sourceTree = "<group>"; };
		AFD54EF72C4E23A6005D91D7 /* ReusableCell.swift */ = {isa = PBXFileReference; lastKnownFileType = sourcecode.swift; path = ReusableCell.swift; sourceTree = "<group>"; };
		AFD54EF92C4E3B3A005D91D7 /* DailyForecastCell.swift */ = {isa = PBXFileReference; lastKnownFileType = sourcecode.swift; path = DailyForecastCell.swift; sourceTree = "<group>"; };
		AFD54EFB2C4E4577005D91D7 /* WeatherExtraInfoCell.swift */ = {isa = PBXFileReference; lastKnownFileType = sourcecode.swift; path = WeatherExtraInfoCell.swift; sourceTree = "<group>"; };
		AFD54EFD2C4E4A47005D91D7 /* WeatherExtraInfoView.swift */ = {isa = PBXFileReference; lastKnownFileType = sourcecode.swift; path = WeatherExtraInfoView.swift; sourceTree = "<group>"; };
/* End PBXFileReference section */

/* Begin PBXFrameworksBuildPhase section */
		AFD54E702C4DEC9C005D91D7 /* Frameworks */ = {
			isa = PBXFrameworksBuildPhase;
			buildActionMask = 2147483647;
			files = (
				AFD54EC02C4DF170005D91D7 /* Alamofire in Frameworks */,
				AFD54EC82C4DF2B9005D91D7 /* RxBlocking in Frameworks */,
				AFD54ED02C4DF2B9005D91D7 /* RxRelay in Frameworks */,
				AFD54ECC2C4DF2B9005D91D7 /* RxCocoa in Frameworks */,
				AFD54EC32C4DF248005D91D7 /* SnapKit in Frameworks */,
			);
			runOnlyForDeploymentPostprocessing = 0;
		};
/* End PBXFrameworksBuildPhase section */

/* Begin PBXGroup section */
		AFD54E6A2C4DEC9C005D91D7 = {
			isa = PBXGroup;
			children = (
				AFD54E752C4DEC9C005D91D7 /* WeatherApp */,
				AFD54E742C4DEC9C005D91D7 /* Products */,
			);
			sourceTree = "<group>";
		};
		AFD54E742C4DEC9C005D91D7 /* Products */ = {
			isa = PBXGroup;
			children = (
				AFD54E732C4DEC9C005D91D7 /* WeatherApp.app */,
			);
			name = Products;
			sourceTree = "<group>";
		};
		AFD54E752C4DEC9C005D91D7 /* WeatherApp */ = {
			isa = PBXGroup;
			children = (
				AFD54EFF2C4E53C5005D91D7 /* Sources */,
				AFD54ED32C4DF5F9005D91D7 /* Resources */,
			);
			path = WeatherApp;
			sourceTree = "<group>";
		};
		AFD54ED32C4DF5F9005D91D7 /* Resources */ = {
			isa = PBXGroup;
			children = (
				AFD54E7F2C4DEC9D005D91D7 /* Assets.xcassets */,
				AFD54ED12C4DF5F4005D91D7 /* reduced_citylist.json */,
				AFD54E812C4DEC9D005D91D7 /* LaunchScreen.storyboard */,
				AFD54E842C4DEC9D005D91D7 /* Info.plist */,
			);
			path = Resources;
			sourceTree = "<group>";
		};
		AFD54ED42C4DF7A6005D91D7 /* Infrastructure */ = {
			isa = PBXGroup;
			children = (
				AFD54ED62C4DF7CA005D91D7 /* Endpoint.swift */,
				AFD54ED82C4DF9F7005D91D7 /* APIClient.swift */,
			);
			path = Infrastructure;
			sourceTree = "<group>";
		};
		AFD54EDA2C4DFC44005D91D7 /* Data */ = {
			isa = PBXGroup;
			children = (
				AFD54EDB2C4DFC47005D91D7 /* Repository */,
				AFD54EDE2C4E0FBE005D91D7 /* WeatherResponse.swift */,
				AFD54EE32C4E124B005D91D7 /* WeatherRequest.swift */,
				AFD54EE52C4E13BD005D91D7 /* WeatherEndpoint.swift */,
			);
			path = Data;
			sourceTree = "<group>";
		};
		AFD54EDB2C4DFC47005D91D7 /* Repository */ = {
			isa = PBXGroup;
			children = (
				AFD54EDC2C4DFC50005D91D7 /* WeatherRepository.swift */,
			);
			path = Repository;
			sourceTree = "<group>";
		};
		AFD54EE22C4E1234005D91D7 /* Extensions */ = {
			isa = PBXGroup;
			children = (
				AFD54EE02C4E1231005D91D7 /* Encodable+.swift */,
			);
			path = Extensions;
			sourceTree = "<group>";
		};
		AFD54EE92C4E186C005D91D7 /* Utils */ = {
			isa = PBXGroup;
			children = (
				AFD54EE22C4E1234005D91D7 /* Extensions */,
				AFD54EEA2C4E1877005D91D7 /* BaseView.swift */,
				AFD54EEC2C4E18E1005D91D7 /* BaseViewController.swift */,
				AFD54EF72C4E23A6005D91D7 /* ReusableCell.swift */,
			);
			path = Utils;
			sourceTree = "<group>";
		};
		AFD54EF42C4E20E2005D91D7 /* Subviews */ = {
			isa = PBXGroup;
			children = (
				AFD54EE72C4E16D7005D91D7 /* TopView.swift */,
				AFD54EEE2C4E1EFC005D91D7 /* ThreeHourForecastView.swift */,
				AFD54EF52C4E2118005D91D7 /* ThreeHourForecastCell.swift */,
				AFD54EF02C4E1F79005D91D7 /* DailyForecastView.swift */,
				AFD54EF92C4E3B3A005D91D7 /* DailyForecastCell.swift */,
				AFD54EF22C4E1FAC005D91D7 /* WeatherMapView.swift */,
				AFD54EFD2C4E4A47005D91D7 /* WeatherExtraInfoView.swift */,
				AFD54EFB2C4E4577005D91D7 /* WeatherExtraInfoCell.swift */,
			);
			path = Subviews;
			sourceTree = "<group>";
		};
		AFD54EFF2C4E53C5005D91D7 /* Sources */ = {
			isa = PBXGroup;
			children = (
				AFD54EE92C4E186C005D91D7 /* Utils */,
				AFD54E762C4DEC9C005D91D7 /* AppDelegate.swift */,
				AFD54E782C4DEC9C005D91D7 /* SceneDelegate.swift */,
				AFD54E7A2C4DEC9C005D91D7 /* MainViewController.swift */,
				AFD54EF42C4E20E2005D91D7 /* Subviews */,
				AFD54EDA2C4DFC44005D91D7 /* Data */,
				AFD54ED42C4DF7A6005D91D7 /* Infrastructure */,
			);
			path = Sources;
			sourceTree = "<group>";
		};
/* End PBXGroup section */

/* Begin PBXNativeTarget section */
		AFD54E722C4DEC9C005D91D7 /* WeatherApp */ = {
			isa = PBXNativeTarget;
			buildConfigurationList = AFD54E872C4DEC9D005D91D7 /* Build configuration list for PBXNativeTarget "WeatherApp" */;
			buildPhases = (
				AFD54E6F2C4DEC9C005D91D7 /* Sources */,
				AFD54E702C4DEC9C005D91D7 /* Frameworks */,
				AFD54E712C4DEC9C005D91D7 /* Resources */,
			);
			buildRules = (
			);
			dependencies = (
				AFD54EB82C4DEF6A005D91D7 /* PBXTargetDependency */,
			);
			name = WeatherApp;
			packageProductDependencies = (
				AFD54EBF2C4DF170005D91D7 /* Alamofire */,
				AFD54EC22C4DF248005D91D7 /* SnapKit */,
				AFD54EC72C4DF2B9005D91D7 /* RxBlocking */,
				AFD54ECB2C4DF2B9005D91D7 /* RxCocoa */,
				AFD54ECF2C4DF2B9005D91D7 /* RxRelay */,
			);
			productName = WeatherApp;
			productReference = AFD54E732C4DEC9C005D91D7 /* WeatherApp.app */;
			productType = "com.apple.product-type.application";
		};
/* End PBXNativeTarget section */

/* Begin PBXProject section */
		AFD54E6B2C4DEC9C005D91D7 /* Project object */ = {
			isa = PBXProject;
			attributes = {
				BuildIndependentTargetsInParallel = 1;
				LastSwiftUpdateCheck = 1500;
				LastUpgradeCheck = 1500;
				TargetAttributes = {
					AFD54E722C4DEC9C005D91D7 = {
						CreatedOnToolsVersion = 15.0.1;
					};
				};
			};
			buildConfigurationList = AFD54E6E2C4DEC9C005D91D7 /* Build configuration list for PBXProject "WeatherApp" */;
			compatibilityVersion = "Xcode 14.0";
			developmentRegion = en;
			hasScannedForEncodings = 0;
			knownRegions = (
				en,
				Base,
			);
			mainGroup = AFD54E6A2C4DEC9C005D91D7;
			packageReferences = (
				AFD54EBE2C4DF16F005D91D7 /* XCRemoteSwiftPackageReference "Alamofire" */,
				AFD54EC12C4DF248005D91D7 /* XCRemoteSwiftPackageReference "SnapKit" */,
				AFD54EC62C4DF2B9005D91D7 /* XCRemoteSwiftPackageReference "RxSwift" */,
			);
			productRefGroup = AFD54E742C4DEC9C005D91D7 /* Products */;
			projectDirPath = "";
			projectRoot = "";
			targets = (
				AFD54E722C4DEC9C005D91D7 /* WeatherApp */,
			);
		};
/* End PBXProject section */

/* Begin PBXResourcesBuildPhase section */
		AFD54E712C4DEC9C005D91D7 /* Resources */ = {
			isa = PBXResourcesBuildPhase;
			buildActionMask = 2147483647;
			files = (
				AFD54ED22C4DF5F4005D91D7 /* reduced_citylist.json in Resources */,
				AFD54E832C4DEC9D005D91D7 /* LaunchScreen.storyboard in Resources */,
				AFD54E802C4DEC9D005D91D7 /* Assets.xcassets in Resources */,
			);
			runOnlyForDeploymentPostprocessing = 0;
		};
/* End PBXResourcesBuildPhase section */

/* Begin PBXSourcesBuildPhase section */
		AFD54E6F2C4DEC9C005D91D7 /* Sources */ = {
			isa = PBXSourcesBuildPhase;
			buildActionMask = 2147483647;
			files = (
				AFD54EED2C4E18E1005D91D7 /* BaseViewController.swift in Sources */,
				AFD54EDD2C4DFC50005D91D7 /* WeatherRepository.swift in Sources */,
				AFD54EFE2C4E4A47005D91D7 /* WeatherExtraInfoView.swift in Sources */,
				AFD54EF12C4E1F79005D91D7 /* DailyForecastView.swift in Sources */,
				AFD54EF62C4E2118005D91D7 /* ThreeHourForecastCell.swift in Sources */,
				AFD54E7B2C4DEC9C005D91D7 /* MainViewController.swift in Sources */,
				AFD54E772C4DEC9C005D91D7 /* AppDelegate.swift in Sources */,
				AFD54EEB2C4E1877005D91D7 /* BaseView.swift in Sources */,
				AFD54EEF2C4E1EFC005D91D7 /* ThreeHourForecastView.swift in Sources */,
				AFD54EFC2C4E4577005D91D7 /* WeatherExtraInfoCell.swift in Sources */,
				AFD54EFA2C4E3B3A005D91D7 /* DailyForecastCell.swift in Sources */,
				AFD54EF82C4E23A6005D91D7 /* ReusableCell.swift in Sources */,
				AFD54EE12C4E1231005D91D7 /* Encodable+.swift in Sources */,
				AFD54EF32C4E1FAC005D91D7 /* WeatherMapView.swift in Sources */,
				AFD54EDF2C4E0FBE005D91D7 /* WeatherResponse.swift in Sources */,
				AFD54EE62C4E13BD005D91D7 /* WeatherEndpoint.swift in Sources */,
				AFD54ED72C4DF7CA005D91D7 /* Endpoint.swift in Sources */,
				AFD54EE82C4E16D7005D91D7 /* TopView.swift in Sources */,
				AFD54EE42C4E124B005D91D7 /* WeatherRequest.swift in Sources */,
				AFD54ED92C4DF9F7005D91D7 /* APIClient.swift in Sources */,
				AFD54E792C4DEC9C005D91D7 /* SceneDelegate.swift in Sources */,
			);
			runOnlyForDeploymentPostprocessing = 0;
		};
/* End PBXSourcesBuildPhase section */

/* Begin PBXTargetDependency section */
		AFD54EB82C4DEF6A005D91D7 /* PBXTargetDependency */ = {
			isa = PBXTargetDependency;
			productRef = AFD54EB72C4DEF6A005D91D7 /* RxBlocking-Dynamic */;
		};
/* End PBXTargetDependency section */

/* Begin PBXVariantGroup section */
		AFD54E812C4DEC9D005D91D7 /* LaunchScreen.storyboard */ = {
			isa = PBXVariantGroup;
			children = (
				AFD54E822C4DEC9D005D91D7 /* Base */,
			);
			name = LaunchScreen.storyboard;
			sourceTree = "<group>";
		};
/* End PBXVariantGroup section */

/* Begin XCBuildConfiguration section */
		AFD54E852C4DEC9D005D91D7 /* Debug */ = {
			isa = XCBuildConfiguration;
			buildSettings = {
				ALWAYS_SEARCH_USER_PATHS = NO;
				ASSETCATALOG_COMPILER_GENERATE_SWIFT_ASSET_SYMBOL_EXTENSIONS = YES;
				CLANG_ANALYZER_NONNULL = YES;
				CLANG_ANALYZER_NUMBER_OBJECT_CONVERSION = YES_AGGRESSIVE;
				CLANG_CXX_LANGUAGE_STANDARD = "gnu++20";
				CLANG_ENABLE_MODULES = YES;
				CLANG_ENABLE_OBJC_ARC = YES;
				CLANG_ENABLE_OBJC_WEAK = YES;
				CLANG_WARN_BLOCK_CAPTURE_AUTORELEASING = YES;
				CLANG_WARN_BOOL_CONVERSION = YES;
				CLANG_WARN_COMMA = YES;
				CLANG_WARN_CONSTANT_CONVERSION = YES;
				CLANG_WARN_DEPRECATED_OBJC_IMPLEMENTATIONS = YES;
				CLANG_WARN_DIRECT_OBJC_ISA_USAGE = YES_ERROR;
				CLANG_WARN_DOCUMENTATION_COMMENTS = YES;
				CLANG_WARN_EMPTY_BODY = YES;
				CLANG_WARN_ENUM_CONVERSION = YES;
				CLANG_WARN_INFINITE_RECURSION = YES;
				CLANG_WARN_INT_CONVERSION = YES;
				CLANG_WARN_NON_LITERAL_NULL_CONVERSION = YES;
				CLANG_WARN_OBJC_IMPLICIT_RETAIN_SELF = YES;
				CLANG_WARN_OBJC_LITERAL_CONVERSION = YES;
				CLANG_WARN_OBJC_ROOT_CLASS = YES_ERROR;
				CLANG_WARN_QUOTED_INCLUDE_IN_FRAMEWORK_HEADER = YES;
				CLANG_WARN_RANGE_LOOP_ANALYSIS = YES;
				CLANG_WARN_STRICT_PROTOTYPES = YES;
				CLANG_WARN_SUSPICIOUS_MOVE = YES;
				CLANG_WARN_UNGUARDED_AVAILABILITY = YES_AGGRESSIVE;
				CLANG_WARN_UNREACHABLE_CODE = YES;
				CLANG_WARN__DUPLICATE_METHOD_MATCH = YES;
				COPY_PHASE_STRIP = NO;
				DEBUG_INFORMATION_FORMAT = dwarf;
				ENABLE_STRICT_OBJC_MSGSEND = YES;
				ENABLE_TESTABILITY = YES;
				ENABLE_USER_SCRIPT_SANDBOXING = YES;
				GCC_C_LANGUAGE_STANDARD = gnu17;
				GCC_DYNAMIC_NO_PIC = NO;
				GCC_NO_COMMON_BLOCKS = YES;
				GCC_OPTIMIZATION_LEVEL = 0;
				GCC_PREPROCESSOR_DEFINITIONS = (
					"DEBUG=1",
					"$(inherited)",
				);
				GCC_WARN_64_TO_32_BIT_CONVERSION = YES;
				GCC_WARN_ABOUT_RETURN_TYPE = YES_ERROR;
				GCC_WARN_UNDECLARED_SELECTOR = YES;
				GCC_WARN_UNINITIALIZED_AUTOS = YES_AGGRESSIVE;
				GCC_WARN_UNUSED_FUNCTION = YES;
				GCC_WARN_UNUSED_VARIABLE = YES;
				IPHONEOS_DEPLOYMENT_TARGET = 17.0;
				LOCALIZATION_PREFERS_STRING_CATALOGS = YES;
				MTL_ENABLE_DEBUG_INFO = INCLUDE_SOURCE;
				MTL_FAST_MATH = YES;
				ONLY_ACTIVE_ARCH = YES;
				SDKROOT = iphoneos;
				SWIFT_ACTIVE_COMPILATION_CONDITIONS = "DEBUG $(inherited)";
				SWIFT_OPTIMIZATION_LEVEL = "-Onone";
			};
			name = Debug;
		};
		AFD54E862C4DEC9D005D91D7 /* Release */ = {
			isa = XCBuildConfiguration;
			buildSettings = {
				ALWAYS_SEARCH_USER_PATHS = NO;
				ASSETCATALOG_COMPILER_GENERATE_SWIFT_ASSET_SYMBOL_EXTENSIONS = YES;
				CLANG_ANALYZER_NONNULL = YES;
				CLANG_ANALYZER_NUMBER_OBJECT_CONVERSION = YES_AGGRESSIVE;
				CLANG_CXX_LANGUAGE_STANDARD = "gnu++20";
				CLANG_ENABLE_MODULES = YES;
				CLANG_ENABLE_OBJC_ARC = YES;
				CLANG_ENABLE_OBJC_WEAK = YES;
				CLANG_WARN_BLOCK_CAPTURE_AUTORELEASING = YES;
				CLANG_WARN_BOOL_CONVERSION = YES;
				CLANG_WARN_COMMA = YES;
				CLANG_WARN_CONSTANT_CONVERSION = YES;
				CLANG_WARN_DEPRECATED_OBJC_IMPLEMENTATIONS = YES;
				CLANG_WARN_DIRECT_OBJC_ISA_USAGE = YES_ERROR;
				CLANG_WARN_DOCUMENTATION_COMMENTS = YES;
				CLANG_WARN_EMPTY_BODY = YES;
				CLANG_WARN_ENUM_CONVERSION = YES;
				CLANG_WARN_INFINITE_RECURSION = YES;
				CLANG_WARN_INT_CONVERSION = YES;
				CLANG_WARN_NON_LITERAL_NULL_CONVERSION = YES;
				CLANG_WARN_OBJC_IMPLICIT_RETAIN_SELF = YES;
				CLANG_WARN_OBJC_LITERAL_CONVERSION = YES;
				CLANG_WARN_OBJC_ROOT_CLASS = YES_ERROR;
				CLANG_WARN_QUOTED_INCLUDE_IN_FRAMEWORK_HEADER = YES;
				CLANG_WARN_RANGE_LOOP_ANALYSIS = YES;
				CLANG_WARN_STRICT_PROTOTYPES = YES;
				CLANG_WARN_SUSPICIOUS_MOVE = YES;
				CLANG_WARN_UNGUARDED_AVAILABILITY = YES_AGGRESSIVE;
				CLANG_WARN_UNREACHABLE_CODE = YES;
				CLANG_WARN__DUPLICATE_METHOD_MATCH = YES;
				COPY_PHASE_STRIP = NO;
				DEBUG_INFORMATION_FORMAT = "dwarf-with-dsym";
				ENABLE_NS_ASSERTIONS = NO;
				ENABLE_STRICT_OBJC_MSGSEND = YES;
				ENABLE_USER_SCRIPT_SANDBOXING = YES;
				GCC_C_LANGUAGE_STANDARD = gnu17;
				GCC_NO_COMMON_BLOCKS = YES;
				GCC_WARN_64_TO_32_BIT_CONVERSION = YES;
				GCC_WARN_ABOUT_RETURN_TYPE = YES_ERROR;
				GCC_WARN_UNDECLARED_SELECTOR = YES;
				GCC_WARN_UNINITIALIZED_AUTOS = YES_AGGRESSIVE;
				GCC_WARN_UNUSED_FUNCTION = YES;
				GCC_WARN_UNUSED_VARIABLE = YES;
				IPHONEOS_DEPLOYMENT_TARGET = 17.0;
				LOCALIZATION_PREFERS_STRING_CATALOGS = YES;
				MTL_ENABLE_DEBUG_INFO = NO;
				MTL_FAST_MATH = YES;
				SDKROOT = iphoneos;
				SWIFT_COMPILATION_MODE = wholemodule;
				VALIDATE_PRODUCT = YES;
			};
			name = Release;
		};
		AFD54E882C4DEC9D005D91D7 /* Debug */ = {
			isa = XCBuildConfiguration;
			buildSettings = {
				ASSETCATALOG_COMPILER_APPICON_NAME = AppIcon;
				ASSETCATALOG_COMPILER_GLOBAL_ACCENT_COLOR_NAME = AccentColor;
				CODE_SIGN_STYLE = Automatic;
				CURRENT_PROJECT_VERSION = 1;
				DEVELOPMENT_TEAM = SWPBG3YXG5;
				GENERATE_INFOPLIST_FILE = YES;
				INFOPLIST_FILE = WeatherApp/Resources/Info.plist;
				INFOPLIST_KEY_UIApplicationSupportsIndirectInputEvents = YES;
				INFOPLIST_KEY_UILaunchStoryboardName = LaunchScreen;
				INFOPLIST_KEY_UISupportedInterfaceOrientations_iPad = "UIInterfaceOrientationPortrait UIInterfaceOrientationPortraitUpsideDown UIInterfaceOrientationLandscapeLeft UIInterfaceOrientationLandscapeRight";
				INFOPLIST_KEY_UISupportedInterfaceOrientations_iPhone = "UIInterfaceOrientationPortrait UIInterfaceOrientationLandscapeLeft UIInterfaceOrientationLandscapeRight";
				LD_RUNPATH_SEARCH_PATHS = (
					"$(inherited)",
					"@executable_path/Frameworks",
				);
				MARKETING_VERSION = 1.0;
				PRODUCT_BUNDLE_IDENTIFIER = com.test.WeatherApp;
				PRODUCT_NAME = "$(TARGET_NAME)";
				SWIFT_EMIT_LOC_STRINGS = YES;
				SWIFT_VERSION = 5.0;
				TARGETED_DEVICE_FAMILY = "1,2";
			};
			name = Debug;
		};
		AFD54E892C4DEC9D005D91D7 /* Release */ = {
			isa = XCBuildConfiguration;
			buildSettings = {
				ASSETCATALOG_COMPILER_APPICON_NAME = AppIcon;
				ASSETCATALOG_COMPILER_GLOBAL_ACCENT_COLOR_NAME = AccentColor;
				CODE_SIGN_STYLE = Automatic;
				CURRENT_PROJECT_VERSION = 1;
				DEVELOPMENT_TEAM = SWPBG3YXG5;
				GENERATE_INFOPLIST_FILE = YES;
				INFOPLIST_FILE = WeatherApp/Resources/Info.plist;
				INFOPLIST_KEY_UIApplicationSupportsIndirectInputEvents = YES;
				INFOPLIST_KEY_UILaunchStoryboardName = LaunchScreen;
				INFOPLIST_KEY_UISupportedInterfaceOrientations_iPad = "UIInterfaceOrientationPortrait UIInterfaceOrientationPortraitUpsideDown UIInterfaceOrientationLandscapeLeft UIInterfaceOrientationLandscapeRight";
				INFOPLIST_KEY_UISupportedInterfaceOrientations_iPhone = "UIInterfaceOrientationPortrait UIInterfaceOrientationLandscapeLeft UIInterfaceOrientationLandscapeRight";
				LD_RUNPATH_SEARCH_PATHS = (
					"$(inherited)",
					"@executable_path/Frameworks",
				);
				MARKETING_VERSION = 1.0;
				PRODUCT_BUNDLE_IDENTIFIER = com.test.WeatherApp;
				PRODUCT_NAME = "$(TARGET_NAME)";
				SWIFT_EMIT_LOC_STRINGS = YES;
				SWIFT_VERSION = 5.0;
				TARGETED_DEVICE_FAMILY = "1,2";
			};
			name = Release;
		};
/* End XCBuildConfiguration section */

/* Begin XCConfigurationList section */
		AFD54E6E2C4DEC9C005D91D7 /* Build configuration list for PBXProject "WeatherApp" */ = {
			isa = XCConfigurationList;
			buildConfigurations = (
				AFD54E852C4DEC9D005D91D7 /* Debug */,
				AFD54E862C4DEC9D005D91D7 /* Release */,
			);
			defaultConfigurationIsVisible = 0;
			defaultConfigurationName = Release;
		};
		AFD54E872C4DEC9D005D91D7 /* Build configuration list for PBXNativeTarget "WeatherApp" */ = {
			isa = XCConfigurationList;
			buildConfigurations = (
				AFD54E882C4DEC9D005D91D7 /* Debug */,
				AFD54E892C4DEC9D005D91D7 /* Release */,
			);
			defaultConfigurationIsVisible = 0;
			defaultConfigurationName = Release;
		};
/* End XCConfigurationList section */

/* Begin XCRemoteSwiftPackageReference section */
		AFD54E8A2C4DEE27005D91D7 /* XCRemoteSwiftPackageReference "RxSwift" */ = {
			isa = XCRemoteSwiftPackageReference;
			repositoryURL = "https://github.com/ReactiveX/RxSwift.git";
			requirement = {
				kind = upToNextMajorVersion;
				minimumVersion = 6.7.1;
			};
		};
		AFD54EBE2C4DF16F005D91D7 /* XCRemoteSwiftPackageReference "Alamofire" */ = {
			isa = XCRemoteSwiftPackageReference;
			repositoryURL = "https://github.com/Alamofire/Alamofire";
			requirement = {
				kind = exactVersion;
				version = 5.8.1;
			};
		};
		AFD54EC12C4DF248005D91D7 /* XCRemoteSwiftPackageReference "SnapKit" */ = {
			isa = XCRemoteSwiftPackageReference;
			repositoryURL = "https://github.com/SnapKit/SnapKit.git";
			requirement = {
				kind = exactVersion;
				version = 5.7.1;
			};
		};
		AFD54EC62C4DF2B9005D91D7 /* XCRemoteSwiftPackageReference "RxSwift" */ = {
			isa = XCRemoteSwiftPackageReference;
			repositoryURL = "https://github.com/ReactiveX/RxSwift.git";
			requirement = {
				kind = upToNextMajorVersion;
				minimumVersion = 6.7.1;
			};
		};
/* End XCRemoteSwiftPackageReference section */

/* Begin XCSwiftPackageProductDependency section */
		AFD54EB72C4DEF6A005D91D7 /* RxBlocking-Dynamic */ = {
			isa = XCSwiftPackageProductDependency;
			package = AFD54E8A2C4DEE27005D91D7 /* XCRemoteSwiftPackageReference "RxSwift" */;
			productName = "RxBlocking-Dynamic";
		};
		AFD54EBF2C4DF170005D91D7 /* Alamofire */ = {
			isa = XCSwiftPackageProductDependency;
			package = AFD54EBE2C4DF16F005D91D7 /* XCRemoteSwiftPackageReference "Alamofire" */;
			productName = Alamofire;
		};
		AFD54EC22C4DF248005D91D7 /* SnapKit */ = {
			isa = XCSwiftPackageProductDependency;
			package = AFD54EC12C4DF248005D91D7 /* XCRemoteSwiftPackageReference "SnapKit" */;
			productName = SnapKit;
		};
		AFD54EC72C4DF2B9005D91D7 /* RxBlocking */ = {
			isa = XCSwiftPackageProductDependency;
			package = AFD54EC62C4DF2B9005D91D7 /* XCRemoteSwiftPackageReference "RxSwift" */;
			productName = RxBlocking;
		};
		AFD54ECB2C4DF2B9005D91D7 /* RxCocoa */ = {
			isa = XCSwiftPackageProductDependency;
			package = AFD54EC62C4DF2B9005D91D7 /* XCRemoteSwiftPackageReference "RxSwift" */;
			productName = RxCocoa;
		};
		AFD54ECF2C4DF2B9005D91D7 /* RxRelay */ = {
			isa = XCSwiftPackageProductDependency;
			package = AFD54EC62C4DF2B9005D91D7 /* XCRemoteSwiftPackageReference "RxSwift" */;
			productName = RxRelay;
		};
/* End XCSwiftPackageProductDependency section */
	};
	rootObject = AFD54E6B2C4DEC9C005D91D7 /* Project object */;
}
